
Microsoft Visual Studio Solution File, Format Version 12.00
# Visual Studio Version 17
VisualStudioVersion = 17.14.36310.24
MinimumVisualStudioVersion = 10.0.40219.1
Project("{FAE04EC0-301F-11D3-BF4B-00C04F79EFBC}") = "QuantumSummerLab.Web", "QuantumSummerLab.Web\QuantumSummerLab.Web.csproj", "{8B91B515-5553-3A4C-6D1F-342FD1163BFD}"
EndProject
Project("{FAE04EC0-301F-11D3-BF4B-00C04F79EFBC}") = "QuantumSummerLab.Data", "QuantumSummerLab.Data\QuantumSummerLab.Data.csproj", "{135F10D9-DE2D-4FA9-B92F-70BBD3C5BD02}"
EndProject
Project("{FAE04EC0-301F-11D3-BF4B-00C04F79EFBC}") = "QuantumSummerLab.Application", "QuantumSummerLab.Application\QuantumSummerLab.Application.csproj", "{98206820-926C-460E-B74F-BC7F6DE53723}"
EndProject
Project("{FAE04EC0-301F-11D3-BF4B-00C04F79EFBC}") = "QuantumSummerLab.Tools", "QuantumSummerLab.Tools\QuantumSummerLab.Tools.csproj", "{C19381CB-01E2-4701-B798-00FB7D077AE8}"
EndProject
Project("{FAE04EC0-301F-11D3-BF4B-00C04F79EFBC}") = "QSharp.Community.QSharpBridge", "QSharp.Community.QSharpBridge\QSharp.Community.QSharpBridge.csproj", "{99BCF8EC-71E0-2F14-8657-D89258A25066}"
EndProject
Project("{2150E333-8FDC-42A3-9474-1A3956D46DE8}") = "0. QSharpBridge", "0. QSharpBridge", "{02EA681E-C7D8-13C7-8484-4AC65E1B71E8}"
EndProject
Project("{2150E333-8FDC-42A3-9474-1A3956D46DE8}") = "1. Application", "1. Application", "{FE40D4D9-AB2C-4552-95C7-CA5C3D605EA8}"
EndProject
Project("{2150E333-8FDC-42A3-9474-1A3956D46DE8}") = "2. Data", "2. Data", "{BC6376C0-32D8-4538-AFC5-E5B099286568}"
EndProject
Project("{2150E333-8FDC-42A3-9474-1A3956D46DE8}") = "3. UX", "3. UX", "{C9BC7190-0230-4E80-AA8B-D51F208F271C}"
EndProject
Project("{2150E333-8FDC-42A3-9474-1A3956D46DE8}") = "4. Tools", "4. Tools", "{D31736AF-9999-4990-AAF3-7630991D74A6}"
EndProject
Project("{FAE04EC0-301F-11D3-BF4B-00C04F79EFBC}") = "QuantumSummerLab.Admin", "QuantumSummerLab.Admin\QuantumSummerLab.Admin.csproj", "{05C18DC1-7B06-C249-878E-38DD1820C0E5}"
EndProject
Project("{FAE04EC0-301F-11D3-BF4B-00C04F79EFBC}") = "QuantumSummerLab.Copilot", "QuantumSummerLab.Copilot\QuantumSummerLab.Copilot.csproj", "{7A85C853-FBB2-4278-9C93-4E13F3522721}"
EndProject
Project("{FAE04EC0-301F-11D3-BF4B-00C04F79EFBC}") = "QuantumSummerLab.Processor", "QuantumSummerLab.Processor\QuantumSummerLab.Processor.csproj", "{C407910C-CFD8-4E40-BBB2-E8FD6D672899}"
EndProject
Project("{FAE04EC0-301F-11D3-BF4B-00C04F79EFBC}") = "FunctionApp1", "FunctionApp1\FunctionApp1.csproj", "{140DD806-A1CA-47E3-9580-40677D29984C}"
EndProject
Global
	GlobalSection(SolutionConfigurationPlatforms) = preSolution
		Debug|Any CPU = Debug|Any CPU
		Release|Any CPU = Release|Any CPU
	EndGlobalSection
	GlobalSection(ProjectConfigurationPlatforms) = postSolution
		{8B91B515-5553-3A4C-6D1F-342FD1163BFD}.Debug|Any CPU.ActiveCfg = Debug|Any CPU
		{8B91B515-5553-3A4C-6D1F-342FD1163BFD}.Debug|Any CPU.Build.0 = Debug|Any CPU
		{8B91B515-5553-3A4C-6D1F-342FD1163BFD}.Release|Any CPU.ActiveCfg = Release|Any CPU
		{8B91B515-5553-3A4C-6D1F-342FD1163BFD}.Release|Any CPU.Build.0 = Release|Any CPU
		{135F10D9-DE2D-4FA9-B92F-70BBD3C5BD02}.Debug|Any CPU.ActiveCfg = Debug|Any CPU
		{135F10D9-DE2D-4FA9-B92F-70BBD3C5BD02}.Debug|Any CPU.Build.0 = Debug|Any CPU
		{135F10D9-DE2D-4FA9-B92F-70BBD3C5BD02}.Release|Any CPU.ActiveCfg = Release|Any CPU
		{135F10D9-DE2D-4FA9-B92F-70BBD3C5BD02}.Release|Any CPU.Build.0 = Release|Any CPU
		{98206820-926C-460E-B74F-BC7F6DE53723}.Debug|Any CPU.ActiveCfg = Debug|Any CPU
		{98206820-926C-460E-B74F-BC7F6DE53723}.Debug|Any CPU.Build.0 = Debug|Any CPU
		{98206820-926C-460E-B74F-BC7F6DE53723}.Release|Any CPU.ActiveCfg = Release|Any CPU
		{98206820-926C-460E-B74F-BC7F6DE53723}.Release|Any CPU.Build.0 = Release|Any CPU
		{C19381CB-01E2-4701-B798-00FB7D077AE8}.Debug|Any CPU.ActiveCfg = Debug|Any CPU
		{C19381CB-01E2-4701-B798-00FB7D077AE8}.Debug|Any CPU.Build.0 = Debug|Any CPU
		{C19381CB-01E2-4701-B798-00FB7D077AE8}.Release|Any CPU.ActiveCfg = Release|Any CPU
		{C19381CB-01E2-4701-B798-00FB7D077AE8}.Release|Any CPU.Build.0 = Release|Any CPU
		{99BCF8EC-71E0-2F14-8657-D89258A25066}.Debug|Any CPU.ActiveCfg = Debug|Any CPU
		{99BCF8EC-71E0-2F14-8657-D89258A25066}.Debug|Any CPU.Build.0 = Debug|Any CPU
		{99BCF8EC-71E0-2F14-8657-D89258A25066}.Release|Any CPU.ActiveCfg = Release|Any CPU
		{99BCF8EC-71E0-2F14-8657-D89258A25066}.Release|Any CPU.Build.0 = Release|Any CPU
		{05C18DC1-7B06-C249-878E-38DD1820C0E5}.Debug|Any CPU.ActiveCfg = Debug|Any CPU
		{05C18DC1-7B06-C249-878E-38DD1820C0E5}.Debug|Any CPU.Build.0 = Debug|Any CPU
		{05C18DC1-7B06-C249-878E-38DD1820C0E5}.Release|Any CPU.ActiveCfg = Release|Any CPU
		{05C18DC1-7B06-C249-878E-38DD1820C0E5}.Release|Any CPU.Build.0 = Release|Any CPU
		{7A85C853-FBB2-4278-9C93-4E13F3522721}.Debug|Any CPU.ActiveCfg = Debug|Any CPU
		{7A85C853-FBB2-4278-9C93-4E13F3522721}.Debug|Any CPU.Build.0 = Debug|Any CPU
		{7A85C853-FBB2-4278-9C93-4E13F3522721}.Release|Any CPU.ActiveCfg = Release|Any CPU
		{7A85C853-FBB2-4278-9C93-4E13F3522721}.Release|Any CPU.Build.0 = Release|Any CPU
		{C407910C-CFD8-4E40-BBB2-E8FD6D672899}.Debug|Any CPU.ActiveCfg = Debug|Any CPU
		{C407910C-CFD8-4E40-BBB2-E8FD6D672899}.Debug|Any CPU.Build.0 = Debug|Any CPU
		{C407910C-CFD8-4E40-BBB2-E8FD6D672899}.Release|Any CPU.ActiveCfg = Release|Any CPU
		{C407910C-CFD8-4E40-BBB2-E8FD6D672899}.Release|Any CPU.Build.0 = Release|Any CPU
		{140DD806-A1CA-47E3-9580-40677D29984C}.Debug|Any CPU.ActiveCfg = Debug|Any CPU
		{140DD806-A1CA-47E3-9580-40677D29984C}.Debug|Any CPU.Build.0 = Debug|Any CPU
		{140DD806-A1CA-47E3-9580-40677D29984C}.Release|Any CPU.ActiveCfg = Release|Any CPU
		{140DD806-A1CA-47E3-9580-40677D29984C}.Release|Any CPU.Build.0 = Release|Any CPU
	EndGlobalSection
	GlobalSection(SolutionProperties) = preSolution
		HideSolutionNode = FALSE
	EndGlobalSection
	GlobalSection(NestedProjects) = preSolution
		{8B91B515-5553-3A4C-6D1F-342FD1163BFD} = {C9BC7190-0230-4E80-AA8B-D51F208F271C}
		{135F10D9-DE2D-4FA9-B92F-70BBD3C5BD02} = {BC6376C0-32D8-4538-AFC5-E5B099286568}
		{98206820-926C-460E-B74F-BC7F6DE53723} = {FE40D4D9-AB2C-4552-95C7-CA5C3D605EA8}
		{C19381CB-01E2-4701-B798-00FB7D077AE8} = {D31736AF-9999-4990-AAF3-7630991D74A6}
		{99BCF8EC-71E0-2F14-8657-D89258A25066} = {02EA681E-C7D8-13C7-8484-4AC65E1B71E8}
		{05C18DC1-7B06-C249-878E-38DD1820C0E5} = {C9BC7190-0230-4E80-AA8B-D51F208F271C}
		{7A85C853-FBB2-4278-9C93-4E13F3522721} = {C9BC7190-0230-4E80-AA8B-D51F208F271C}
		{C407910C-CFD8-4E40-BBB2-E8FD6D672899} = {C9BC7190-0230-4E80-AA8B-D51F208F271C}
		{140DD806-A1CA-47E3-9580-40677D29984C} = {C9BC7190-0230-4E80-AA8B-D51F208F271C}
	EndGlobalSection
	GlobalSection(ExtensibilityGlobals) = postSolution
		SolutionGuid = {B32F087F-A9DE-461C-A37A-DD50DDECCAED}
	EndGlobalSection
EndGlobal
